
Microsoft Visual Studio Solution File, Format Version 12.00
# Visual Studio 14
VisualStudioVersion = 14.0.24720.0
MinimumVisualStudioVersion = 10.0.40219.1
Project("{FAE04EC0-301F-11D3-BF4B-00C04F79EFBC}") = "Advertise.Common", "Advertise.Common\Advertise.Common.csproj", "{622385A1-B474-47D8-9568-BB4E4D5F3DE9}"
EndProject
Project("{FAE04EC0-301F-11D3-BF4B-00C04F79EFBC}") = "Advertise.DataLayer", "Advertise.DataLayer\Advertise.DataLayer.csproj", "{0A141D5E-EA21-4564-AC7A-A203A807CB9D}"
EndProject
Project("{FAE04EC0-301F-11D3-BF4B-00C04F79EFBC}") = "Advertise.DomainClasses", "Advertise.DomainClasses\Advertise.DomainClasses.csproj", "{C6AFEA5E-205E-4AE6-874F-8DF6F965C8BD}"
EndProject
Project("{FAE04EC0-301F-11D3-BF4B-00C04F79EFBC}") = "Advertise.ServiceLayer", "Advertise.ServiceLayer\Advertise.ServiceLayer.csproj", "{03D81571-7491-44C6-829D-5DD06A572ED9}"
EndProject
Project("{FAE04EC0-301F-11D3-BF4B-00C04F79EFBC}") = "Advertise.Web", "Advertise.Web\Advertise.Web.csproj", "{A643695E-DAA7-4B62-9C32-A4327D562930}"
EndProject
Global
	GlobalSection(SolutionConfigurationPlatforms) = preSolution
		Debug|Any CPU = Debug|Any CPU
		Release|Any CPU = Release|Any CPU
	EndGlobalSection
	GlobalSection(ProjectConfigurationPlatforms) = postSolution
		{622385A1-B474-47D8-9568-BB4E4D5F3DE9}.Debug|Any CPU.ActiveCfg = Debug|Any CPU
		{622385A1-B474-47D8-9568-BB4E4D5F3DE9}.Debug|Any CPU.Build.0 = Debug|Any CPU
		{622385A1-B474-47D8-9568-BB4E4D5F3DE9}.Release|Any CPU.ActiveCfg = Release|Any CPU
		{622385A1-B474-47D8-9568-BB4E4D5F3DE9}.Release|Any CPU.Build.0 = Release|Any CPU
		{0A141D5E-EA21-4564-AC7A-A203A807CB9D}.Debug|Any CPU.ActiveCfg = Debug|Any CPU
		{0A141D5E-EA21-4564-AC7A-A203A807CB9D}.Debug|Any CPU.Build.0 = Debug|Any CPU
		{0A141D5E-EA21-4564-AC7A-A203A807CB9D}.Release|Any CPU.ActiveCfg = Release|Any CPU
		{0A141D5E-EA21-4564-AC7A-A203A807CB9D}.Release|Any CPU.Build.0 = Release|Any CPU
		{C6AFEA5E-205E-4AE6-874F-8DF6F965C8BD}.Debug|Any CPU.ActiveCfg = Debug|Any CPU
		{C6AFEA5E-205E-4AE6-874F-8DF6F965C8BD}.Debug|Any CPU.Build.0 = Debug|Any CPU
		{C6AFEA5E-205E-4AE6-874F-8DF6F965C8BD}.Release|Any CPU.ActiveCfg = Release|Any CPU
		{C6AFEA5E-205E-4AE6-874F-8DF6F965C8BD}.Release|Any CPU.Build.0 = Release|Any CPU
		{03D81571-7491-44C6-829D-5DD06A572ED9}.Debug|Any CPU.ActiveCfg = Debug|Any CPU
		{03D81571-7491-44C6-829D-5DD06A572ED9}.Debug|Any CPU.Build.0 = Debug|Any CPU
		{03D81571-7491-44C6-829D-5DD06A572ED9}.Release|Any CPU.ActiveCfg = Release|Any CPU
		{03D81571-7491-44C6-829D-5DD06A572ED9}.Release|Any CPU.Build.0 = Release|Any CPU
		{A643695E-DAA7-4B62-9C32-A4327D562930}.Debug|Any CPU.ActiveCfg = Debug|Any CPU
		{A643695E-DAA7-4B62-9C32-A4327D562930}.Debug|Any CPU.Build.0 = Debug|Any CPU
		{A643695E-DAA7-4B62-9C32-A4327D562930}.Release|Any CPU.ActiveCfg = Release|Any CPU
		{A643695E-DAA7-4B62-9C32-A4327D562930}.Release|Any CPU.Build.0 = Release|Any CPU
	EndGlobalSection
	GlobalSection(SolutionProperties) = preSolution
		HideSolutionNode = FALSE
	EndGlobalSection
EndGlobal
