
Microsoft Visual Studio Solution File, Format Version 12.00
# Visual Studio 14
VisualStudioVersion = 14.0.24720.0
MinimumVisualStudioVersion = 10.0.40219.1
Project("{FAE04EC0-301F-11D3-BF4B-00C04F79EFBC}") = "Advertise.DataLayer", "Advertise.DataLayer\Advertise.DataLayer.csproj", "{0A141D5E-EA21-4564-AC7A-A203A807CB9D}"
EndProject
Project("{FAE04EC0-301F-11D3-BF4B-00C04F79EFBC}") = "Advertise.DomainClasses", "Advertise.DomainClasses\Advertise.DomainClasses.csproj", "{C6AFEA5E-205E-4AE6-874F-8DF6F965C8BD}"
EndProject
Project("{FAE04EC0-301F-11D3-BF4B-00C04F79EFBC}") = "Advertise.ServiceLayer", "Advertise.ServiceLayer\Advertise.ServiceLayer.csproj", "{03D81571-7491-44C6-829D-5DD06A572ED9}"
EndProject
Project("{FAE04EC0-301F-11D3-BF4B-00C04F79EFBC}") = "Advertise.Common", "Advertise.Common\Advertise.Common.csproj", "{477F0422-F887-4D64-AF38-307FB82716AD}"
EndProject
Project("{FAE04EC0-301F-11D3-BF4B-00C04F79EFBC}") = "Advertise.ViewModel", "Advertise.ViewModel\Advertise.ViewModel.csproj", "{306A3A29-1B7C-48C4-ABF9-98EF5F7692FD}"
EndProject
Project("{FAE04EC0-301F-11D3-BF4B-00C04F79EFBC}") = "Advertise.Web", "Advertise.Web\Advertise.Web.csproj", "{010840F8-25DE-4B53-91E9-E52455CE21C9}"
EndProject
Project("{FAE04EC0-301F-11D3-BF4B-00C04F79EFBC}") = "Advertise.Utility", "Advertise.Utility\Advertise.Utility.csproj", "{E18DC95B-9A3C-4212-85C3-12FAA25088BB}"
EndProject
Global
	GlobalSection(SolutionConfigurationPlatforms) = preSolution
		Debug|Any CPU = Debug|Any CPU
		Release|Any CPU = Release|Any CPU
	EndGlobalSection
	GlobalSection(ProjectConfigurationPlatforms) = postSolution
		{0A141D5E-EA21-4564-AC7A-A203A807CB9D}.Debug|Any CPU.ActiveCfg = Debug|Any CPU
		{0A141D5E-EA21-4564-AC7A-A203A807CB9D}.Debug|Any CPU.Build.0 = Debug|Any CPU
		{0A141D5E-EA21-4564-AC7A-A203A807CB9D}.Release|Any CPU.ActiveCfg = Release|Any CPU
		{0A141D5E-EA21-4564-AC7A-A203A807CB9D}.Release|Any CPU.Build.0 = Release|Any CPU
		{C6AFEA5E-205E-4AE6-874F-8DF6F965C8BD}.Debug|Any CPU.ActiveCfg = Debug|Any CPU
		{C6AFEA5E-205E-4AE6-874F-8DF6F965C8BD}.Debug|Any CPU.Build.0 = Debug|Any CPU
		{C6AFEA5E-205E-4AE6-874F-8DF6F965C8BD}.Release|Any CPU.ActiveCfg = Release|Any CPU
		{C6AFEA5E-205E-4AE6-874F-8DF6F965C8BD}.Release|Any CPU.Build.0 = Release|Any CPU
		{03D81571-7491-44C6-829D-5DD06A572ED9}.Debug|Any CPU.ActiveCfg = Debug|Any CPU
		{03D81571-7491-44C6-829D-5DD06A572ED9}.Debug|Any CPU.Build.0 = Debug|Any CPU
		{03D81571-7491-44C6-829D-5DD06A572ED9}.Release|Any CPU.ActiveCfg = Release|Any CPU
		{03D81571-7491-44C6-829D-5DD06A572ED9}.Release|Any CPU.Build.0 = Release|Any CPU
		{477F0422-F887-4D64-AF38-307FB82716AD}.Debug|Any CPU.ActiveCfg = Debug|Any CPU
		{477F0422-F887-4D64-AF38-307FB82716AD}.Debug|Any CPU.Build.0 = Debug|Any CPU
		{477F0422-F887-4D64-AF38-307FB82716AD}.Release|Any CPU.ActiveCfg = Release|Any CPU
		{477F0422-F887-4D64-AF38-307FB82716AD}.Release|Any CPU.Build.0 = Release|Any CPU
		{306A3A29-1B7C-48C4-ABF9-98EF5F7692FD}.Debug|Any CPU.ActiveCfg = Debug|Any CPU
		{306A3A29-1B7C-48C4-ABF9-98EF5F7692FD}.Debug|Any CPU.Build.0 = Debug|Any CPU
		{306A3A29-1B7C-48C4-ABF9-98EF5F7692FD}.Release|Any CPU.ActiveCfg = Release|Any CPU
		{306A3A29-1B7C-48C4-ABF9-98EF5F7692FD}.Release|Any CPU.Build.0 = Release|Any CPU
		{010840F8-25DE-4B53-91E9-E52455CE21C9}.Debug|Any CPU.ActiveCfg = Debug|Any CPU
		{010840F8-25DE-4B53-91E9-E52455CE21C9}.Debug|Any CPU.Build.0 = Debug|Any CPU
		{010840F8-25DE-4B53-91E9-E52455CE21C9}.Release|Any CPU.ActiveCfg = Release|Any CPU
		{010840F8-25DE-4B53-91E9-E52455CE21C9}.Release|Any CPU.Build.0 = Release|Any CPU
		{E18DC95B-9A3C-4212-85C3-12FAA25088BB}.Debug|Any CPU.ActiveCfg = Debug|Any CPU
		{E18DC95B-9A3C-4212-85C3-12FAA25088BB}.Debug|Any CPU.Build.0 = Debug|Any CPU
		{E18DC95B-9A3C-4212-85C3-12FAA25088BB}.Release|Any CPU.ActiveCfg = Release|Any CPU
		{E18DC95B-9A3C-4212-85C3-12FAA25088BB}.Release|Any CPU.Build.0 = Release|Any CPU
	EndGlobalSection
	GlobalSection(SolutionProperties) = preSolution
		HideSolutionNode = FALSE
	EndGlobalSection
EndGlobal
